
Microsoft Visual Studio Solution File, Format Version 12.00
# Visual Studio Version 16
VisualStudioVersion = 16.0.30804.86
MinimumVisualStudioVersion = 10.0.40219.1
Project("{9A19103F-16F7-4668-BE54-9A1E7A4F7556}") = "Feep", "Feep\Feep.csproj", "{9BF61856-2711-4365-83BD-33227B9B7B90}"
EndProject
Project("{2150E333-8FDC-42A3-9474-1A3956D46DE8}") = "Solution Items", "Solution Items", "{F924D9FD-F0B7-4991-A255-A631EF0E2F46}"
	ProjectSection(SolutionItems) = preProject
		README.md = README.md
	EndProjectSection
EndProject
Global
	GlobalSection(SolutionConfigurationPlatforms) = preSolution
		Debug|Any CPU = Debug|Any CPU
		Release|Any CPU = Release|Any CPU
	EndGlobalSection
	GlobalSection(ProjectConfigurationPlatforms) = postSolution
		{9BF61856-2711-4365-83BD-33227B9B7B90}.Debug|Any CPU.ActiveCfg = Debug|Any CPU
		{9BF61856-2711-4365-83BD-33227B9B7B90}.Debug|Any CPU.Build.0 = Debug|Any CPU
		{9BF61856-2711-4365-83BD-33227B9B7B90}.Release|Any CPU.ActiveCfg = Release|Any CPU
		{9BF61856-2711-4365-83BD-33227B9B7B90}.Release|Any CPU.Build.0 = Release|Any CPU
	EndGlobalSection
	GlobalSection(SolutionProperties) = preSolution
		HideSolutionNode = FALSE
	EndGlobalSection
	GlobalSection(ExtensibilityGlobals) = postSolution
		SolutionGuid = {24CAC781-F71B-493E-BB87-617A12E25A5E}
	EndGlobalSection
EndGlobal
